
Microsoft Visual Studio Solution File, Format Version 12.00
# Visual Studio Version 17
VisualStudioVersion = 17.6.33829.357
MinimumVisualStudioVersion = 10.0.40219.1
Project("{FAE04EC0-301F-11D3-BF4B-00C04F79EFBC}") = "Animals", "Animals\Animals.csproj", "{FB7AC704-072A-464E-B87F-5ED891CAF46B}"
EndProject
Global
	GlobalSection(SolutionConfigurationPlatforms) = preSolution
		Debug|Any CPU = Debug|Any CPU
		Release|Any CPU = Release|Any CPU
	EndGlobalSection
	GlobalSection(ProjectConfigurationPlatforms) = postSolution
		{FB7AC704-072A-464E-B87F-5ED891CAF46B}.Debug|Any CPU.ActiveCfg = Debug|Any CPU
		{FB7AC704-072A-464E-B87F-5ED891CAF46B}.Debug|Any CPU.Build.0 = Debug|Any CPU
		{FB7AC704-072A-464E-B87F-5ED891CAF46B}.Release|Any CPU.ActiveCfg = Release|Any CPU
		{FB7AC704-072A-464E-B87F-5ED891CAF46B}.Release|Any CPU.Build.0 = Release|Any CPU
	EndGlobalSection
	GlobalSection(SolutionProperties) = preSolution
		HideSolutionNode = FALSE
	EndGlobalSection
	GlobalSection(ExtensibilityGlobals) = postSolution
		SolutionGuid = {7C73473C-D57B-438B-90DD-4CE68FAA9D03}
	EndGlobalSection
EndGlobal
